
Microsoft Visual Studio Solution File, Format Version 12.00
# Visual Studio Version 16
VisualStudioVersion = 16.0.33214.272
MinimumVisualStudioVersion = 10.0.40219.1
Project("{FAE04EC0-301F-11D3-BF4B-00C04F79EFBC}") = "ГуляевКурсоваяРабота", "ГуляевКурсоваяРабота\ГуляевКурсоваяРабота.csproj", "{11F322B2-A780-4D8F-81CE-58F5A95ED173}"
EndProject
Global
	GlobalSection(SolutionConfigurationPlatforms) = preSolution
		Debug|Any CPU = Debug|Any CPU
		Release|Any CPU = Release|Any CPU
	EndGlobalSection
	GlobalSection(ProjectConfigurationPlatforms) = postSolution
		{11F322B2-A780-4D8F-81CE-58F5A95ED173}.Debug|Any CPU.ActiveCfg = Debug|Any CPU
		{11F322B2-A780-4D8F-81CE-58F5A95ED173}.Debug|Any CPU.Build.0 = Debug|Any CPU
		{11F322B2-A780-4D8F-81CE-58F5A95ED173}.Release|Any CPU.ActiveCfg = Release|Any CPU
		{11F322B2-A780-4D8F-81CE-58F5A95ED173}.Release|Any CPU.Build.0 = Release|Any CPU
	EndGlobalSection
	GlobalSection(SolutionProperties) = preSolution
		HideSolutionNode = FALSE
	EndGlobalSection
	GlobalSection(ExtensibilityGlobals) = postSolution
		SolutionGuid = {8029D098-349A-4C8B-9FF5-05E4C9E551A4}
	EndGlobalSection
EndGlobal
